
Microsoft Visual Studio Solution File, Format Version 12.00
# Visual Studio Version 17
VisualStudioVersion = 17.7.34031.279
MinimumVisualStudioVersion = 10.0.40219.1
Project("{FAE04EC0-301F-11D3-BF4B-00C04F79EFBC}") = "Modul15.HW", "Modul15.HW\Modul15.HW.csproj", "{EFC2347B-B9B6-4E97-BEA1-4C40F870EF6E}"
EndProject
Global
	GlobalSection(SolutionConfigurationPlatforms) = preSolution
		Debug|Any CPU = Debug|Any CPU
		Release|Any CPU = Release|Any CPU
	EndGlobalSection
	GlobalSection(ProjectConfigurationPlatforms) = postSolution
		{EFC2347B-B9B6-4E97-BEA1-4C40F870EF6E}.Debug|Any CPU.ActiveCfg = Debug|Any CPU
		{EFC2347B-B9B6-4E97-BEA1-4C40F870EF6E}.Debug|Any CPU.Build.0 = Debug|Any CPU
		{EFC2347B-B9B6-4E97-BEA1-4C40F870EF6E}.Release|Any CPU.ActiveCfg = Release|Any CPU
		{EFC2347B-B9B6-4E97-BEA1-4C40F870EF6E}.Release|Any CPU.Build.0 = Release|Any CPU
	EndGlobalSection
	GlobalSection(SolutionProperties) = preSolution
		HideSolutionNode = FALSE
	EndGlobalSection
	GlobalSection(ExtensibilityGlobals) = postSolution
		SolutionGuid = {44EE1C64-3607-44B6-B44B-7AA7890856F5}
	EndGlobalSection
EndGlobal
